
Microsoft Visual Studio Solution File, Format Version 12.00
# Visual Studio 15
VisualStudioVersion = 15.0.28307.329
MinimumVisualStudioVersion = 10.0.40219.1
Project("{FAE04EC0-301F-11D3-BF4B-00C04F79EFBC}") = "HotelApp", "HotelApp\HotelApp.csproj", "{D23BB27D-39EE-4C67-BE8D-87F496DB19CB}"
EndProject
Global
	GlobalSection(SolutionConfigurationPlatforms) = preSolution
		Debug|Any CPU = Debug|Any CPU
		Release|Any CPU = Release|Any CPU
	EndGlobalSection
	GlobalSection(ProjectConfigurationPlatforms) = postSolution
		{D23BB27D-39EE-4C67-BE8D-87F496DB19CB}.Debug|Any CPU.ActiveCfg = Debug|Any CPU
		{D23BB27D-39EE-4C67-BE8D-87F496DB19CB}.Debug|Any CPU.Build.0 = Debug|Any CPU
		{D23BB27D-39EE-4C67-BE8D-87F496DB19CB}.Release|Any CPU.ActiveCfg = Release|Any CPU
		{D23BB27D-39EE-4C67-BE8D-87F496DB19CB}.Release|Any CPU.Build.0 = Release|Any CPU
	EndGlobalSection
	GlobalSection(SolutionProperties) = preSolution
		HideSolutionNode = FALSE
	EndGlobalSection
	GlobalSection(ExtensibilityGlobals) = postSolution
		SolutionGuid = {4B382E4E-01A6-49A0-9530-94BA44C5F6FB}
	EndGlobalSection
EndGlobal
